
Microsoft Visual Studio Solution File, Format Version 12.00
# Visual Studio Version 16
VisualStudioVersion = 16.0.29001.49
MinimumVisualStudioVersion = 10.0.40219.1
Project("{2150E333-8FDC-42A3-9474-1A3956D46DE8}") = "Solution Items", "Solution Items", "{F7F24B29-B491-400F-A507-029B8B233C3E}"
	ProjectSection(SolutionItems) = preProject
		..\azure-pipelines.yml = ..\azure-pipelines.yml
		..\README.md = ..\README.md
		..\todo.md = ..\todo.md
	EndProjectSection
EndProject
Project("{9A19103F-16F7-4668-BE54-9A1E7A4F7556}") = "DataModelGenerator", "DataModelGenerator\DataModelGenerator.csproj", "{B82E7F4E-C652-46DA-A49E-75FC564BB059}"
EndProject
Project("{9A19103F-16F7-4668-BE54-9A1E7A4F7556}") = "Core", "Core\Core.csproj", "{6F23FEFC-20D7-4759-AFB4-506353D1C0B9}"
EndProject
Project("{9A19103F-16F7-4668-BE54-9A1E7A4F7556}") = "Core.Tests", "Core.Tests\Core.Tests.csproj", "{2D854D38-8B15-480C-9140-7E49F451423C}"
EndProject
Project("{9A19103F-16F7-4668-BE54-9A1E7A4F7556}") = "MapGeneration", "MapGeneration\MapGeneration.csproj", "{AEDBA12A-1760-478F-AF99-78065413F7DA}"
EndProject
Project("{9A19103F-16F7-4668-BE54-9A1E7A4F7556}") = "MapGeneration.Launcher", "MapGeneration.Launcher\MapGeneration.Launcher.csproj", "{BC1A804D-1B44-4095-80F2-6085B6BFC714}"
EndProject
Project("{2150E333-8FDC-42A3-9474-1A3956D46DE8}") = "TestMaps", "TestMaps", "{949E4B1F-9F7A-430B-8422-158322653DCB}"
	ProjectSection(SolutionItems) = preProject
		TestMaps\ConcaveSectors.wad = TestMaps\ConcaveSectors.wad
		TestMaps\testmaps.wad = TestMaps\testmaps.wad
	EndProjectSection
EndProject
Project("{9A19103F-16F7-4668-BE54-9A1E7A4F7556}") = "Engine", "Engine\Engine.csproj", "{DA05AC3A-6F6B-42DF-BB9F-AEB348562951}"
EndProject
Project("{9A19103F-16F7-4668-BE54-9A1E7A4F7556}") = "Benchmarks", "Benchmarks\Benchmarks.csproj", "{8D184D87-5A2F-49A8-A1B3-E1C2BA1EF035}"
EndProject
Project("{9A19103F-16F7-4668-BE54-9A1E7A4F7556}") = "Engine.Tests", "Engine.Tests\Engine.Tests.csproj", "{42010066-BDB9-4822-A8D1-6EBAA039A18E}"
EndProject
Global
	GlobalSection(SolutionConfigurationPlatforms) = preSolution
		Debug|x64 = Debug|x64
		Release|x64 = Release|x64
	EndGlobalSection
	GlobalSection(ProjectConfigurationPlatforms) = postSolution
		{B82E7F4E-C652-46DA-A49E-75FC564BB059}.Debug|x64.ActiveCfg = Debug|x64
		{B82E7F4E-C652-46DA-A49E-75FC564BB059}.Debug|x64.Build.0 = Debug|x64
		{B82E7F4E-C652-46DA-A49E-75FC564BB059}.Release|x64.ActiveCfg = Release|x64
		{B82E7F4E-C652-46DA-A49E-75FC564BB059}.Release|x64.Build.0 = Release|x64
		{6F23FEFC-20D7-4759-AFB4-506353D1C0B9}.Debug|x64.ActiveCfg = Debug|x64
		{6F23FEFC-20D7-4759-AFB4-506353D1C0B9}.Debug|x64.Build.0 = Debug|x64
		{6F23FEFC-20D7-4759-AFB4-506353D1C0B9}.Release|x64.ActiveCfg = Release|x64
		{6F23FEFC-20D7-4759-AFB4-506353D1C0B9}.Release|x64.Build.0 = Release|x64
		{2D854D38-8B15-480C-9140-7E49F451423C}.Debug|x64.ActiveCfg = Debug|x64
		{2D854D38-8B15-480C-9140-7E49F451423C}.Debug|x64.Build.0 = Debug|x64
		{2D854D38-8B15-480C-9140-7E49F451423C}.Release|x64.ActiveCfg = Release|x64
		{2D854D38-8B15-480C-9140-7E49F451423C}.Release|x64.Build.0 = Release|x64
		{AEDBA12A-1760-478F-AF99-78065413F7DA}.Debug|x64.ActiveCfg = Debug|x64
		{AEDBA12A-1760-478F-AF99-78065413F7DA}.Debug|x64.Build.0 = Debug|x64
		{AEDBA12A-1760-478F-AF99-78065413F7DA}.Release|x64.ActiveCfg = Release|x64
		{AEDBA12A-1760-478F-AF99-78065413F7DA}.Release|x64.Build.0 = Release|x64
		{BC1A804D-1B44-4095-80F2-6085B6BFC714}.Debug|x64.ActiveCfg = Debug|x64
		{BC1A804D-1B44-4095-80F2-6085B6BFC714}.Debug|x64.Build.0 = Debug|x64
		{BC1A804D-1B44-4095-80F2-6085B6BFC714}.Release|x64.ActiveCfg = Release|x64
		{BC1A804D-1B44-4095-80F2-6085B6BFC714}.Release|x64.Build.0 = Release|x64
		{DA05AC3A-6F6B-42DF-BB9F-AEB348562951}.Debug|x64.ActiveCfg = Debug|x64
		{DA05AC3A-6F6B-42DF-BB9F-AEB348562951}.Debug|x64.Build.0 = Debug|x64
		{DA05AC3A-6F6B-42DF-BB9F-AEB348562951}.Release|x64.ActiveCfg = Release|x64
		{DA05AC3A-6F6B-42DF-BB9F-AEB348562951}.Release|x64.Build.0 = Release|x64
		{8D184D87-5A2F-49A8-A1B3-E1C2BA1EF035}.Debug|x64.ActiveCfg = Debug|x64
		{8D184D87-5A2F-49A8-A1B3-E1C2BA1EF035}.Debug|x64.Build.0 = Debug|x64
		{8D184D87-5A2F-49A8-A1B3-E1C2BA1EF035}.Release|x64.ActiveCfg = Release|x64
		{8D184D87-5A2F-49A8-A1B3-E1C2BA1EF035}.Release|x64.Build.0 = Release|x64
		{42010066-BDB9-4822-A8D1-6EBAA039A18E}.Debug|x64.ActiveCfg = Debug|x64
		{42010066-BDB9-4822-A8D1-6EBAA039A18E}.Debug|x64.Build.0 = Debug|x64
		{42010066-BDB9-4822-A8D1-6EBAA039A18E}.Release|x64.ActiveCfg = Release|x64
		{42010066-BDB9-4822-A8D1-6EBAA039A18E}.Release|x64.Build.0 = Release|x64
	EndGlobalSection
	GlobalSection(SolutionProperties) = preSolution
		HideSolutionNode = FALSE
	EndGlobalSection
	GlobalSection(ExtensibilityGlobals) = postSolution
		SolutionGuid = {E92103BB-1FA8-4314-8CA8-A4693859E57B}
	EndGlobalSection
EndGlobal
