
Microsoft Visual Studio Solution File, Format Version 12.00
# Visual Studio 15
VisualStudioVersion = 15.0.27703.2042
MinimumVisualStudioVersion = 10.0.40219.1
Project("{FAE04EC0-301F-11D3-BF4B-00C04F79EFBC}") = "TestLauncher", "TestLauncher\TestLauncher.csproj", "{030FB9A6-7043-4633-AA98-43F3E245E164}"
EndProject
Project("{FAE04EC0-301F-11D3-BF4B-00C04F79EFBC}") = "Core", "Core\Core.csproj", "{A724C349-D0D5-469C-A8D6-E42A8F7BC32F}"
EndProject
Project("{FAE04EC0-301F-11D3-BF4B-00C04F79EFBC}") = "Metadata", "Metadata\Metadata.csproj", "{F8DE0162-2FF5-4C06-98E7-2B2DD780C4ED}"
EndProject
Project("{FAE04EC0-301F-11D3-BF4B-00C04F79EFBC}") = "Core.Tests", "Core.Tests\Core.Tests.csproj", "{737FFEBF-4312-4535-B950-DF7E414FAF47}"
EndProject
Project("{FAE04EC0-301F-11D3-BF4B-00C04F79EFBC}") = "MapGeneration", "MapGeneration\MapGeneration.csproj", "{54069491-F7C5-456B-897E-8DA66A0AF8D3}"
EndProject
Project("{2150E333-8FDC-42A3-9474-1A3956D46DE8}") = "Solution Items", "Solution Items", "{F7F24B29-B491-400F-A507-029B8B233C3E}"
	ProjectSection(SolutionItems) = preProject
		..\azure-pipelines.yml = ..\azure-pipelines.yml
		..\README.md = ..\README.md
		..\todo.md = ..\todo.md
	EndProjectSection
EndProject
Project("{FAE04EC0-301F-11D3-BF4B-00C04F79EFBC}") = "Engine", "Engine\Engine.csproj", "{9F342DE9-2869-4D82-828C-D0BB6B52A225}"
EndProject
Project("{FAE04EC0-301F-11D3-BF4B-00C04F79EFBC}") = "Engine.Tests", "Engine.Tests\Engine.Tests.csproj", "{A12828C8-10E0-404B-8E5F-C59622FF801C}"
EndProject
Project("{FAE04EC0-301F-11D3-BF4B-00C04F79EFBC}") = "Benchmarks", "Benchmarks\Benchmarks.csproj", "{3E4430E7-6E79-4C02-8579-55643E6611C7}"
EndProject
Global
	GlobalSection(SolutionConfigurationPlatforms) = preSolution
		Debug|x64 = Debug|x64
		Release|x64 = Release|x64
	EndGlobalSection
	GlobalSection(ProjectConfigurationPlatforms) = postSolution
		{030FB9A6-7043-4633-AA98-43F3E245E164}.Debug|x64.ActiveCfg = Debug|x64
		{030FB9A6-7043-4633-AA98-43F3E245E164}.Debug|x64.Build.0 = Debug|x64
		{030FB9A6-7043-4633-AA98-43F3E245E164}.Release|x64.ActiveCfg = Release|x64
		{030FB9A6-7043-4633-AA98-43F3E245E164}.Release|x64.Build.0 = Release|x64
		{A724C349-D0D5-469C-A8D6-E42A8F7BC32F}.Debug|x64.ActiveCfg = Debug|x64
		{A724C349-D0D5-469C-A8D6-E42A8F7BC32F}.Debug|x64.Build.0 = Debug|x64
		{A724C349-D0D5-469C-A8D6-E42A8F7BC32F}.Release|x64.ActiveCfg = Release|x64
		{A724C349-D0D5-469C-A8D6-E42A8F7BC32F}.Release|x64.Build.0 = Release|x64
		{F8DE0162-2FF5-4C06-98E7-2B2DD780C4ED}.Debug|x64.ActiveCfg = Debug|x86
		{F8DE0162-2FF5-4C06-98E7-2B2DD780C4ED}.Debug|x64.Build.0 = Debug|x86
		{F8DE0162-2FF5-4C06-98E7-2B2DD780C4ED}.Release|x64.ActiveCfg = Release|x86
		{F8DE0162-2FF5-4C06-98E7-2B2DD780C4ED}.Release|x64.Build.0 = Release|x86
		{737FFEBF-4312-4535-B950-DF7E414FAF47}.Debug|x64.ActiveCfg = Debug|x64
		{737FFEBF-4312-4535-B950-DF7E414FAF47}.Debug|x64.Build.0 = Debug|x64
		{737FFEBF-4312-4535-B950-DF7E414FAF47}.Release|x64.ActiveCfg = Release|x64
		{737FFEBF-4312-4535-B950-DF7E414FAF47}.Release|x64.Build.0 = Release|x64
		{54069491-F7C5-456B-897E-8DA66A0AF8D3}.Debug|x64.ActiveCfg = Debug|x64
		{54069491-F7C5-456B-897E-8DA66A0AF8D3}.Debug|x64.Build.0 = Debug|x64
		{54069491-F7C5-456B-897E-8DA66A0AF8D3}.Release|x64.ActiveCfg = Release|x64
		{54069491-F7C5-456B-897E-8DA66A0AF8D3}.Release|x64.Build.0 = Release|x64
		{9F342DE9-2869-4D82-828C-D0BB6B52A225}.Debug|x64.ActiveCfg = Debug|x64
		{9F342DE9-2869-4D82-828C-D0BB6B52A225}.Debug|x64.Build.0 = Debug|x64
		{9F342DE9-2869-4D82-828C-D0BB6B52A225}.Release|x64.ActiveCfg = Release|x64
		{9F342DE9-2869-4D82-828C-D0BB6B52A225}.Release|x64.Build.0 = Release|x64
		{A12828C8-10E0-404B-8E5F-C59622FF801C}.Debug|x64.ActiveCfg = Debug|x64
		{A12828C8-10E0-404B-8E5F-C59622FF801C}.Debug|x64.Build.0 = Debug|x64
		{A12828C8-10E0-404B-8E5F-C59622FF801C}.Release|x64.ActiveCfg = Release|x64
		{A12828C8-10E0-404B-8E5F-C59622FF801C}.Release|x64.Build.0 = Release|x64
		{3E4430E7-6E79-4C02-8579-55643E6611C7}.Debug|x64.ActiveCfg = Debug|x64
		{3E4430E7-6E79-4C02-8579-55643E6611C7}.Debug|x64.Build.0 = Debug|x64
		{3E4430E7-6E79-4C02-8579-55643E6611C7}.Release|x64.ActiveCfg = Release|x64
		{3E4430E7-6E79-4C02-8579-55643E6611C7}.Release|x64.Build.0 = Release|x64
	EndGlobalSection
	GlobalSection(SolutionProperties) = preSolution
		HideSolutionNode = FALSE
	EndGlobalSection
	GlobalSection(ExtensibilityGlobals) = postSolution
		SolutionGuid = {E92103BB-1FA8-4314-8CA8-A4693859E57B}
	EndGlobalSection
EndGlobal
